{"version":4,"terraform_version":"1.12.2","serial":3,"lineage":"03587f52-eb4c-9096-ce5a-d0929a370a03","outputs":{"bucket_name":{"value":"my-app-media-dev","type":"string"}},"resources":[{"mode":"managed","type":"aws_iam_user_policy","name":"s3_access","provider":"provider[\"registry.opentofu.org/hashicorp/aws\"]","instances":[{"schema_version":0,"attributes":{"id":"fastapi-media-user:s3-media-access","name":"s3-media-access","name_prefix":"","policy":"{\"Version\":\"2012-10-17\",\"Statement\":[{\"Action\":[\"s3:PutObject\",\"s3:GetObject\",\"s3:DeleteObject\"],\"Effect\":\"Allow\",\"Resource\":\"arn:aws:s3:::my-app-media-dev/*\"}]}","user":"fastapi-media-user"},"sensitive_attributes":[],"private":"bnVsbA==","dependencies":["aws_s3_bucket.media"]}]},{"mode":"managed","type":"aws_s3_bucket","name":"media","provider":"provider[\"registry.opentofu.org/hashicorp/aws\"]","instances":[{"schema_version":0,"attributes":{"acceleration_status":"","acl":null,"arn":"arn:aws:s3:::my-app-media-dev","bucket":"my-app-media-dev","bucket_domain_name":"my-app-media-dev.s3.amazonaws.com","bucket_prefix":"","bucket_regional_domain_name":"my-app-media-dev.s3.us-east-1.amazonaws.com","cors_rule":[],"force_destroy":false,"grant":[{"id":"c385f258f9bb0ebe5a56da0239906058f09c7474aedad0a280175e138e60aa17","permissions":["FULL_CONTROL"],"type":"CanonicalUser","uri":""}],"hosted_zone_id":"Z3AQBSTGFYJSTF","id":"my-app-media-dev","lifecycle_rule":[],"logging":[],"object_lock_configuration":[],"object_lock_enabled":false,"policy":"","region":"us-east-1","replication_configuration":[],"request_payer":"BucketOwner","server_side_encryption_configuration":[{"rule":[{"apply_server_side_encryption_by_default":[{"kms_master_key_id":"","sse_algorithm":"AES256"}],"bucket_key_enabled":false}]}],"tags":null,"tags_all":{},"timeouts":null,"versioning":[{"enabled":false,"mfa_delete":false}],"website":[],"website_domain":null,"website_endpoint":null},"sensitive_attributes":[],"private":"eyJlMmJmYjczMC1lY2FhLTExZTYtOGY4OC0zNDM2M2JjN2M0YzAiOnsiY3JlYXRlIjoxMjAwMDAwMDAwMDAwLCJkZWxldGUiOjM2MDAwMDAwMDAwMDAsInJlYWQiOjEyMDAwMDAwMDAwMDAsInVwZGF0ZSI6MTIwMDAwMDAwMDAwMH19"}]}],"check_results":null}
