{"version":4,"terraform_version":"1.12.2","serial":2,"lineage":"fb67fcba-3325-8dde-8148-30ba4cc7cffc","outputs":{"cloudfront_domain":{"value":"d182njn3pxa8mp.cloudfront.net","type":"string"}},"resources":[{"mode":"managed","type":"aws_cloudfront_distribution","name":"media_cdn","provider":"provider[\"registry.opentofu.org/hashicorp/aws\"]","instances":[{"schema_version":1,"attributes":{"aliases":null,"arn":"arn:aws:cloudfront::420588757871:distribution/E1SHTLCWBAPCVQ","caller_reference":"terraform-20260618145134650100000001","comment":null,"continuous_deployment_policy_id":"","custom_error_response":[],"default_cache_behavior":[{"allowed_methods":["GET","HEAD"],"cache_policy_id":"","cached_methods":["GET","HEAD"],"compress":true,"default_ttl":0,"field_level_encryption_id":"","forwarded_values":[{"cookies":[{"forward":"none","whitelisted_names":[]}],"headers":[],"query_string":false,"query_string_cache_keys":[]}],"function_association":[],"grpc_config":[{"enabled":false}],"lambda_function_association":[],"max_ttl":0,"min_ttl":0,"origin_request_policy_id":"","realtime_log_config_arn":"","response_headers_policy_id":"","smooth_streaming":false,"target_origin_id":"s3-my-app-media-dev","trusted_key_groups":[],"trusted_signers":[],"viewer_protocol_policy":"redirect-to-https"}],"default_root_object":"","domain_name":"d182njn3pxa8mp.cloudfront.net","enabled":true,"etag":"E23ZP02F085DFQ","hosted_zone_id":"Z2FDTNDATAQYW2","http_version":"http2","id":"E1SHTLCWBAPCVQ","in_progress_validation_batches":0,"is_ipv6_enabled":false,"last_modified_time":"2026-06-18 14:51:34.967 +0000 UTC","logging_config":[],"ordered_cache_behavior":[],"origin":[{"connection_attempts":3,"connection_timeout":10,"custom_header":[],"custom_origin_config":[],"domain_name":"my-app-media-dev.s3.amazonaws.com","origin_access_control_id":"","origin_id":"s3-my-app-media-dev","origin_path":"","origin_shield":[],"s3_origin_config":[],"vpc_origin_config":[]}],"origin_group":[],"price_class":"PriceClass_100","restrictions":[{"geo_restriction":[{"locations":[],"restriction_type":"none"}]}],"retain_on_delete":false,"staging":false,"status":"Deployed","tags":null,"tags_all":{},"trusted_key_groups":[{"enabled":false,"items":[]}],"trusted_signers":[{"enabled":false,"items":[]}],"viewer_certificate":[{"acm_certificate_arn":"","cloudfront_default_certificate":true,"iam_certificate_id":"","minimum_protocol_version":"TLSv1","ssl_support_method":""}],"wait_for_deployment":true,"web_acl_id":""},"sensitive_attributes":[],"private":"eyJzY2hlbWFfdmVyc2lvbiI6IjEifQ=="}]}],"check_results":null}
