{"version":4,"terraform_version":"1.12.2","serial":1,"lineage":"c87c5b43-8333-f788-a2f3-cdb50534cc5e","outputs":{"api_ip":{"value":"68.183.70.19","type":"string"}},"resources":[{"mode":"data","type":"digitalocean_ssh_key","name":"key","provider":"provider[\"registry.opentofu.org/digitalocean/digitalocean\"]","instances":[{"schema_version":0,"attributes":{"fingerprint":"65:57:84:32:a4:c4:6f:c5:f5:94:9f:fa:b6:94:1f:67","id":57188218,"name":"vagrant","public_key":"ssh-ed25519 AAAAC3NzaC1lZDI1NTE5AAAAIGzWeKX3L6SMTSSYQNIfzedeEN+JiT18Sq79Du2WMDXD vagrant@minion2"},"sensitive_attributes":[]}]},{"module":"module.api_vps","mode":"managed","type":"digitalocean_droplet","name":"this","provider":"provider[\"registry.opentofu.org/hashicorp/digitalocean\"]","instances":[{"schema_version":1,"attributes":{"backup_policy":[],"backups":false,"created_at":"2026-06-18T02:25:33Z","disk":25,"droplet_agent":null,"graceful_shutdown":false,"id":"578478855","image":"ubuntu-22-04-x64","ipv4_address":"68.183.70.19","ipv4_address_private":"10.114.0.2","ipv6":false,"ipv6_address":"","locked":false,"memory":1024,"monitoring":false,"name":"api-server","price_hourly":0.00893,"price_monthly":6,"private_networking":true,"public_networking":true,"region":"fra1","resize_disk":true,"size":"s-1vcpu-1gb","ssh_keys":["57188218"],"status":"active","tags":["api","dev"],"timeouts":null,"urn":"do:droplet:578478855","user_data":null,"vcpus":1,"volume_ids":[],"vpc_uuid":"a6f72392-292d-4e69-8a9b-9ee7f72721e9"},"sensitive_attributes":[],"private":"eyJlMmJmYjczMC1lY2FhLTExZTYtOGY4OC0zNDM2M2JjN2M0YzAiOnsiY3JlYXRlIjozNjAwMDAwMDAwMDAwLCJkZWxldGUiOjYwMDAwMDAwMDAwLCJ1cGRhdGUiOjM2MDAwMDAwMDAwMDB9LCJzY2hlbWFfdmVyc2lvbiI6IjEifQ==","dependencies":["data.digitalocean_ssh_key.key"]}]}],"check_results":null}
