{"version":4,"terraform_version":"1.12.4","serial":39,"lineage":"13f804b5-635b-1da0-6059-f5ec88ec99e0","outputs":{"api_ip":{"value":"174.138.82.13","type":"string"}},"resources":[{"mode":"data","type":"digitalocean_ssh_key","name":"key","provider":"provider[\"registry.opentofu.org/digitalocean/digitalocean\"]","instances":[{"schema_version":0,"attributes":{"fingerprint":"65:57:84:32:a4:c4:6f:c5:f5:94:9f:fa:b6:94:1f:67","id":57188218,"name":"vagrant","public_key":"ssh-ed25519 AAAAC3NzaC1lZDI1NTE5AAAAIGzWeKX3L6SMTSSYQNIfzedeEN+JiT18Sq79Du2WMDXD vagrant@minion2"},"sensitive_attributes":[]}]},{"module":"module.api_vps","mode":"managed","type":"digitalocean_droplet","name":"this","provider":"provider[\"registry.opentofu.org/digitalocean/digitalocean\"]","instances":[{"schema_version":1,"attributes":{"backup_policy":[],"backups":false,"created_at":"2026-07-15T21:28:31Z","disk":80,"droplet_agent":null,"graceful_shutdown":false,"id":"584923221","image":"237062488","ipv4_address":"174.138.82.13","ipv4_address_private":"10.108.0.2","ipv6":false,"ipv6_address":"","locked":false,"memory":4096,"monitoring":false,"name":"api-server","price_hourly":0.03571,"price_monthly":24,"private_networking":true,"public_networking":true,"region":"nyc3","resize_disk":true,"size":"s-2vcpu-4gb","ssh_keys":["57188218"],"status":"active","tags":["api","dev"],"timeouts":null,"urn":"do:droplet:584923221","user_data":null,"vcpus":2,"volume_ids":[],"vpc_uuid":"f61be114-a388-4e76-aa12-71a2a7e2d56f"},"sensitive_attributes":[],"private":"eyJlMmJmYjczMC1lY2FhLTExZTYtOGY4OC0zNDM2M2JjN2M0YzAiOnsiY3JlYXRlIjozNjAwMDAwMDAwMDAwLCJkZWxldGUiOjYwMDAwMDAwMDAwLCJ1cGRhdGUiOjM2MDAwMDAwMDAwMDB9LCJzY2hlbWFfdmVyc2lvbiI6IjEifQ==","dependencies":["data.digitalocean_ssh_key.key"]}]}],"check_results":null}
